
Microsoft Visual Studio Solution File, Format Version 12.00
# Visual Studio Version 17
VisualStudioVersion = 17.1.32210.238
MinimumVisualStudioVersion = 10.0.40219.1
Project("{FAE04EC0-301F-11D3-BF4B-00C04F79EFBC}") = "RestAPI_Project_BookWeb", "RestAPI_Project\RestAPI_Project_BookWeb.csproj", "{0555A1CA-203A-41A3-8A7A-EB4F0C59A4AB}"
EndProject
Global
	GlobalSection(SolutionConfigurationPlatforms) = preSolution
		Debug|Any CPU = Debug|Any CPU
		Release|Any CPU = Release|Any CPU
	EndGlobalSection
	GlobalSection(ProjectConfigurationPlatforms) = postSolution
		{0555A1CA-203A-41A3-8A7A-EB4F0C59A4AB}.Debug|Any CPU.ActiveCfg = Debug|Any CPU
		{0555A1CA-203A-41A3-8A7A-EB4F0C59A4AB}.Debug|Any CPU.Build.0 = Debug|Any CPU
		{0555A1CA-203A-41A3-8A7A-EB4F0C59A4AB}.Release|Any CPU.ActiveCfg = Release|Any CPU
		{0555A1CA-203A-41A3-8A7A-EB4F0C59A4AB}.Release|Any CPU.Build.0 = Release|Any CPU
	EndGlobalSection
	GlobalSection(SolutionProperties) = preSolution
		HideSolutionNode = FALSE
	EndGlobalSection
	GlobalSection(ExtensibilityGlobals) = postSolution
		SolutionGuid = {3ED99DDE-798A-4081-BB4F-6B0180C9DE68}
	EndGlobalSection
EndGlobal
